
Microsoft Visual Studio Solution File, Format Version 12.00
# Visual Studio Version 17
VisualStudioVersion = 17.5.002.0
MinimumVisualStudioVersion = 10.0.40219.1
Project("{9A19103F-16F7-4668-BE54-9A1E7A4F7556}") = "CompanyDirectory", "CompanyDirectory.csproj", "{D4E52558-32F9-46AB-9395-FCE95313A5C9}"
EndProject
Global
	GlobalSection(SolutionConfigurationPlatforms) = preSolution
		Debug|Any CPU = Debug|Any CPU
		Release|Any CPU = Release|Any CPU
	EndGlobalSection
	GlobalSection(ProjectConfigurationPlatforms) = postSolution
		{D4E52558-32F9-46AB-9395-FCE95313A5C9}.Debug|Any CPU.ActiveCfg = Debug|Any CPU
		{D4E52558-32F9-46AB-9395-FCE95313A5C9}.Debug|Any CPU.Build.0 = Debug|Any CPU
		{D4E52558-32F9-46AB-9395-FCE95313A5C9}.Release|Any CPU.ActiveCfg = Release|Any CPU
		{D4E52558-32F9-46AB-9395-FCE95313A5C9}.Release|Any CPU.Build.0 = Release|Any CPU
	EndGlobalSection
	GlobalSection(SolutionProperties) = preSolution
		HideSolutionNode = FALSE
	EndGlobalSection
	GlobalSection(ExtensibilityGlobals) = postSolution
		SolutionGuid = {0D10A1EA-7BA9-49F7-AB79-2D4B8A34A090}
	EndGlobalSection
EndGlobal
